// !$*UTF8*$!
{
	archiveVersion = 1;
	classes = {
	};
	objectVersion = 56;
	objects = {

/* Begin PBXBuildFile section */
		4C4B0B192AF539000080D7CF /* AppDelegate.swift in Sources */ = {isa = PBXBuildFile; fileRef = 4C4B0B182AF539000080D7CF /* AppDelegate.swift */; };
		4C4B0B1B2AF539000080D7CF /* SceneDelegate.swift in Sources */ = {isa = PBXBuildFile; fileRef = 4C4B0B1A2AF539000080D7CF /* SceneDelegate.swift */; };
		4C4B0B1D2AF539000080D7CF /* ViewController.swift in Sources */ = {isa = PBXBuildFile; fileRef = 4C4B0B1C2AF539000080D7CF /* ViewController.swift */; };
		4C4B0B202AF539000080D7CF /* Main.storyboard in Resources */ = {isa = PBXBuildFile; fileRef = 4C4B0B1E2AF539000080D7CF /* Main.storyboard */; };
		4C4B0B232AF539000080D7CF /* table_view_classmate.xcdatamodeld in Sources */ = {isa = PBXBuildFile; fileRef = 4C4B0B212AF539000080D7CF /* table_view_classmate.xcdatamodeld */; };
		4C4B0B252AF539010080D7CF /* Assets.xcassets in Resources */ = {isa = PBXBuildFile; fileRef = 4C4B0B242AF539010080D7CF /* Assets.xcassets */; };
		4C4B0B282AF539010080D7CF /* LaunchScreen.storyboard in Resources */ = {isa = PBXBuildFile; fileRef = 4C4B0B262AF539010080D7CF /* LaunchScreen.storyboard */; };
		4C4B0B332AF539010080D7CF /* table_view_classmateTests.swift in Sources */ = {isa = PBXBuildFile; fileRef = 4C4B0B322AF539010080D7CF /* table_view_classmateTests.swift */; };
		4C4B0B3D2AF539010080D7CF /* table_view_classmateUITests.swift in Sources */ = {isa = PBXBuildFile; fileRef = 4C4B0B3C2AF539010080D7CF /* table_view_classmateUITests.swift */; };
		4C4B0B3F2AF539010080D7CF /* table_view_classmateUITestsLaunchTests.swift in Sources */ = {isa = PBXBuildFile; fileRef = 4C4B0B3E2AF539010080D7CF /* table_view_classmateUITestsLaunchTests.swift */; };
/* End PBXBuildFile section */

/* Begin PBXContainerItemProxy section */
		4C4B0B2F2AF539010080D7CF /* PBXContainerItemProxy */ = {
			isa = PBXContainerItemProxy;
			containerPortal = 4C4B0B0D2AF539000080D7CF /* Project object */;
			proxyType = 1;
			remoteGlobalIDString = 4C4B0B142AF539000080D7CF;
			remoteInfo = "table view classmate";
		};
		4C4B0B392AF539010080D7CF /* PBXContainerItemProxy */ = {
			isa = PBXContainerItemProxy;
			containerPortal = 4C4B0B0D2AF539000080D7CF /* Project object */;
			proxyType = 1;
			remoteGlobalIDString = 4C4B0B142AF539000080D7CF;
			remoteInfo = "table view classmate";
		};
/* End PBXContainerItemProxy section */

/* Begin PBXFileReference section */
		4C4B0B152AF539000080D7CF /* table view classmate.app */ = {isa = PBXFileReference; explicitFileType = wrapper.application; includeInIndex = 0; path = "table view classmate.app"; sourceTree = BUILT_PRODUCTS_DIR; };
		4C4B0B182AF539000080D7CF /* AppDelegate.swift */ = {isa = PBXFileReference; lastKnownFileType = sourcecode.swift; path = AppDelegate.swift; sourceTree = "<group>"; };
		4C4B0B1A2AF539000080D7CF /* SceneDelegate.swift */ = {isa = PBXFileReference; lastKnownFileType = sourcecode.swift; path = SceneDelegate.swift; sourceTree = "<group>"; };
		4C4B0B1C2AF539000080D7CF /* ViewController.swift */ = {isa = PBXFileReference; lastKnownFileType = sourcecode.swift; path = ViewController.swift; sourceTree = "<group>"; };
		4C4B0B1F2AF539000080D7CF /* Base */ = {isa = PBXFileReference; lastKnownFileType = file.storyboard; name = Base; path = Base.lproj/Main.storyboard; sourceTree = "<group>"; };
		4C4B0B222AF539000080D7CF /* table_view_classmate.xcdatamodel */ = {isa = PBXFileReference; lastKnownFileType = wrapper.xcdatamodel; path = table_view_classmate.xcdatamodel; sourceTree = "<group>"; };
		4C4B0B242AF539010080D7CF /* Assets.xcassets */ = {isa = PBXFileReference; lastKnownFileType = folder.assetcatalog; path = Assets.xcassets; sourceTree = "<group>"; };
		4C4B0B272AF539010080D7CF /* Base */ = {isa = PBXFileReference; lastKnownFileType = file.storyboard; name = Base; path = Base.lproj/LaunchScreen.storyboard; sourceTree = "<group>"; };
		4C4B0B292AF539010080D7CF /* Info.plist */ = {isa = PBXFileReference; lastKnownFileType = text.plist.xml; path = Info.plist; sourceTree = "<group>"; };
		4C4B0B2E2AF539010080D7CF /* table view classmateTests.xctest */ = {isa = PBXFileReference; explicitFileType = wrapper.cfbundle; includeInIndex = 0; path = "table view classmateTests.xctest"; sourceTree = BUILT_PRODUCTS_DIR; };
		4C4B0B322AF539010080D7CF /* table_view_classmateTests.swift */ = {isa = PBXFileReference; lastKnownFileType = sourcecode.swift; path = table_view_classmateTests.swift; sourceTree = "<group>"; };
		4C4B0B382AF539010080D7CF /* table view classmateUITests.xctest */ = {isa = PBXFileReference; explicitFileType = wrapper.cfbundle; includeInIndex = 0; path = "table view classmateUITests.xctest"; sourceTree = BUILT_PRODUCTS_DIR; };
		4C4B0B3C2AF539010080D7CF /* table_view_classmateUITests.swift */ = {isa = PBXFileReference; lastKnownFileType = sourcecode.swift; path = table_view_classmateUITests.swift; sourceTree = "<group>"; };
		4C4B0B3E2AF539010080D7CF /* table_view_classmateUITestsLaunchTests.swift */ = {isa = PBXFileReference; lastKnownFileType = sourcecode.swift; path = table_view_classmateUITestsLaunchTests.swift; sourceTree = "<group>"; };
/* End PBXFileReference section */

/* Begin PBXFrameworksBuildPhase section */
		4C4B0B122AF539000080D7CF /* Frameworks */ = {
			isa = PBXFrameworksBuildPhase;
			buildActionMask = 2147483647;
			files = (
			);
			runOnlyForDeploymentPostprocessing = 0;
		};
		4C4B0B2B2AF539010080D7CF /* Frameworks */ = {
			isa = PBXFrameworksBuildPhase;
			buildActionMask = 2147483647;
			files = (
			);
			runOnlyForDeploymentPostprocessing = 0;
		};
		4C4B0B352AF539010080D7CF /* Frameworks */ = {
			isa = PBXFrameworksBuildPhase;
			buildActionMask = 2147483647;
			files = (
			);
			runOnlyForDeploymentPostprocessing = 0;
		};
/* End PBXFrameworksBuildPhase section */

/* Begin PBXGroup section */
		4C4B0B0C2AF539000080D7CF = {
			isa = PBXGroup;
			children = (
				4C4B0B172AF539000080D7CF /* table view classmate */,
				4C4B0B312AF539010080D7CF /* table view classmateTests */,
				4C4B0B3B2AF539010080D7CF /* table view classmateUITests */,
				4C4B0B162AF539000080D7CF /* Products */,
			);
			sourceTree = "<group>";
		};
		4C4B0B162AF539000080D7CF /* Products */ = {
			isa = PBXGroup;
			children = (
				4C4B0B152AF539000080D7CF /* table view classmate.app */,
				4C4B0B2E2AF539010080D7CF /* table view classmateTests.xctest */,
				4C4B0B382AF539010080D7CF /* table view classmateUITests.xctest */,
			);
			name = Products;
			sourceTree = "<group>";
		};
		4C4B0B172AF539000080D7CF /* table view classmate */ = {
			isa = PBXGroup;
			children = (
				4C4B0B182AF539000080D7CF /* AppDelegate.swift */,
				4C4B0B1A2AF539000080D7CF /* SceneDelegate.swift */,
				4C4B0B1C2AF539000080D7CF /* ViewController.swift */,
				4C4B0B1E2AF539000080D7CF /* Main.storyboard */,
				4C4B0B242AF539010080D7CF /* Assets.xcassets */,
				4C4B0B262AF539010080D7CF /* LaunchScreen.storyboard */,
				4C4B0B292AF539010080D7CF /* Info.plist */,
				4C4B0B212AF539000080D7CF /* table_view_classmate.xcdatamodeld */,
			);
			path = "table view classmate";
			sourceTree = "<group>";
		};
		4C4B0B312AF539010080D7CF /* table view classmateTests */ = {
			isa = PBXGroup;
			children = (
				4C4B0B322AF539010080D7CF /* table_view_classmateTests.swift */,
			);
			path = "table view classmateTests";
			sourceTree = "<group>";
		};
		4C4B0B3B2AF539010080D7CF /* table view classmateUITests */ = {
			isa = PBXGroup;
			children = (
				4C4B0B3C2AF539010080D7CF /* table_view_classmateUITests.swift */,
				4C4B0B3E2AF539010080D7CF /* table_view_classmateUITestsLaunchTests.swift */,
			);
			path = "table view classmateUITests";
			sourceTree = "<group>";
		};
/* End PBXGroup section */

/* Begin PBXNativeTarget section */
		4C4B0B142AF539000080D7CF /* table view classmate */ = {
			isa = PBXNativeTarget;
			buildConfigurationList = 4C4B0B422AF539010080D7CF /* Build configuration list for PBXNativeTarget "table view classmate" */;
			buildPhases = (
				4C4B0B112AF539000080D7CF /* Sources */,
				4C4B0B122AF539000080D7CF /* Frameworks */,
				4C4B0B132AF539000080D7CF /* Resources */,
			);
			buildRules = (
			);
			dependencies = (
			);
			name = "table view classmate";
			productName = "table view classmate";
			productReference = 4C4B0B152AF539000080D7CF /* table view classmate.app */;
			productType = "com.apple.product-type.application";
		};
		4C4B0B2D2AF539010080D7CF /* table view classmateTests */ = {
			isa = PBXNativeTarget;
			buildConfigurationList = 4C4B0B452AF539010080D7CF /* Build configuration list for PBXNativeTarget "table view classmateTests" */;
			buildPhases = (
				4C4B0B2A2AF539010080D7CF /* Sources */,
				4C4B0B2B2AF539010080D7CF /* Frameworks */,
				4C4B0B2C2AF539010080D7CF /* Resources */,
			);
			buildRules = (
			);
			dependencies = (
				4C4B0B302AF539010080D7CF /* PBXTargetDependency */,
			);
			name = "table view classmateTests";
			productName = "table view classmateTests";
			productReference = 4C4B0B2E2AF539010080D7CF /* table view classmateTests.xctest */;
			productType = "com.apple.product-type.bundle.unit-test";
		};
		4C4B0B372AF539010080D7CF /* table view classmateUITests */ = {
			isa = PBXNativeTarget;
			buildConfigurationList = 4C4B0B482AF539010080D7CF /* Build configuration list for PBXNativeTarget "table view classmateUITests" */;
			buildPhases = (
				4C4B0B342AF539010080D7CF /* Sources */,
				4C4B0B352AF539010080D7CF /* Frameworks */,
				4C4B0B362AF539010080D7CF /* Resources */,
			);
			buildRules = (
			);
			dependencies = (
				4C4B0B3A2AF539010080D7CF /* PBXTargetDependency */,
			);
			name = "table view classmateUITests";
			productName = "table view classmateUITests";
			productReference = 4C4B0B382AF539010080D7CF /* table view classmateUITests.xctest */;
			productType = "com.apple.product-type.bundle.ui-testing";
		};
/* End PBXNativeTarget section */

/* Begin PBXProject section */
		4C4B0B0D2AF539000080D7CF /* Project object */ = {
			isa = PBXProject;
			attributes = {
				BuildIndependentTargetsInParallel = 1;
				LastSwiftUpdateCheck = 1430;
				LastUpgradeCheck = 1430;
				TargetAttributes = {
					4C4B0B142AF539000080D7CF = {
						CreatedOnToolsVersion = 14.3.1;
					};
					4C4B0B2D2AF539010080D7CF = {
						CreatedOnToolsVersion = 14.3.1;
						TestTargetID = 4C4B0B142AF539000080D7CF;
					};
					4C4B0B372AF539010080D7CF = {
						CreatedOnToolsVersion = 14.3.1;
						TestTargetID = 4C4B0B142AF539000080D7CF;
					};
				};
			};
			buildConfigurationList = 4C4B0B102AF539000080D7CF /* Build configuration list for PBXProject "table view classmate" */;
			compatibilityVersion = "Xcode 14.0";
			developmentRegion = en;
			hasScannedForEncodings = 0;
			knownRegions = (
				en,
				Base,
			);
			mainGroup = 4C4B0B0C2AF539000080D7CF;
			productRefGroup = 4C4B0B162AF539000080D7CF /* Products */;
			projectDirPath = "";
			projectRoot = "";
			targets = (
				4C4B0B142AF539000080D7CF /* table view classmate */,
				4C4B0B2D2AF539010080D7CF /* table view classmateTests */,
				4C4B0B372AF539010080D7CF /* table view classmateUITests */,
			);
		};
/* End PBXProject section */

/* Begin PBXResourcesBuildPhase section */
		4C4B0B132AF539000080D7CF /* Resources */ = {
			isa = PBXResourcesBuildPhase;
			buildActionMask = 2147483647;
			files = (
				4C4B0B282AF539010080D7CF /* LaunchScreen.storyboard in Resources */,
				4C4B0B252AF539010080D7CF /* Assets.xcassets in Resources */,
				4C4B0B202AF539000080D7CF /* Main.storyboard in Resources */,
			);
			runOnlyForDeploymentPostprocessing = 0;
		};
		4C4B0B2C2AF539010080D7CF /* Resources */ = {
			isa = PBXResourcesBuildPhase;
			buildActionMask = 2147483647;
			files = (
			);
			runOnlyForDeploymentPostprocessing = 0;
		};
		4C4B0B362AF539010080D7CF /* Resources */ = {
			isa = PBXResourcesBuildPhase;
			buildActionMask = 2147483647;
			files = (
			);
			runOnlyForDeploymentPostprocessing = 0;
		};
/* End PBXResourcesBuildPhase section */

/* Begin PBXSourcesBuildPhase section */
		4C4B0B112AF539000080D7CF /* Sources */ = {
			isa = PBXSourcesBuildPhase;
			buildActionMask = 2147483647;
			files = (
				4C4B0B1D2AF539000080D7CF /* ViewController.swift in Sources */,
				4C4B0B232AF539000080D7CF /* table_view_classmate.xcdatamodeld in Sources */,
				4C4B0B192AF539000080D7CF /* AppDelegate.swift in Sources */,
				4C4B0B1B2AF539000080D7CF /* SceneDelegate.swift in Sources */,
			);
			runOnlyForDeploymentPostprocessing = 0;
		};
		4C4B0B2A2AF539010080D7CF /* Sources */ = {
			isa = PBXSourcesBuildPhase;
			buildActionMask = 2147483647;
			files = (
				4C4B0B332AF539010080D7CF /* table_view_classmateTests.swift in Sources */,
			);
			runOnlyForDeploymentPostprocessing = 0;
		};
		4C4B0B342AF539010080D7CF /* Sources */ = {
			isa = PBXSourcesBuildPhase;
			buildActionMask = 2147483647;
			files = (
				4C4B0B3F2AF539010080D7CF /* table_view_classmateUITestsLaunchTests.swift in Sources */,
				4C4B0B3D2AF539010080D7CF /* table_view_classmateUITests.swift in Sources */,
			);
			runOnlyForDeploymentPostprocessing = 0;
		};
/* End PBXSourcesBuildPhase section */

/* Begin PBXTargetDependency section */
		4C4B0B302AF539010080D7CF /* PBXTargetDependency */ = {
			isa = PBXTargetDependency;
			target = 4C4B0B142AF539000080D7CF /* table view classmate */;
			targetProxy = 4C4B0B2F2AF539010080D7CF /* PBXContainerItemProxy */;
		};
		4C4B0B3A2AF539010080D7CF /* PBXTargetDependency */ = {
			isa = PBXTargetDependency;
			target = 4C4B0B142AF539000080D7CF /* table view classmate */;
			targetProxy = 4C4B0B392AF539010080D7CF /* PBXContainerItemProxy */;
		};
/* End PBXTargetDependency section */

/* Begin PBXVariantGroup section */
		4C4B0B1E2AF539000080D7CF /* Main.storyboard */ = {
			isa = PBXVariantGroup;
			children = (
				4C4B0B1F2AF539000080D7CF /* Base */,
			);
			name = Main.storyboard;
			sourceTree = "<group>";
		};
		4C4B0B262AF539010080D7CF /* LaunchScreen.storyboard */ = {
			isa = PBXVariantGroup;
			children = (
				4C4B0B272AF539010080D7CF /* Base */,
			);
			name = LaunchScreen.storyboard;
			sourceTree = "<group>";
		};
/* End PBXVariantGroup section */

/* Begin XCBuildConfiguration section */
		4C4B0B402AF539010080D7CF /* Debug */ = {
			isa = XCBuildConfiguration;
			buildSettings = {
				ALWAYS_SEARCH_USER_PATHS = NO;
				CLANG_ANALYZER_NONNULL = YES;
				CLANG_ANALYZER_NUMBER_OBJECT_CONVERSION = YES_AGGRESSIVE;
				CLANG_CXX_LANGUAGE_STANDARD = "gnu++20";
				CLANG_ENABLE_MODULES = YES;
				CLANG_ENABLE_OBJC_ARC = YES;
				CLANG_ENABLE_OBJC_WEAK = YES;
				CLANG_WARN_BLOCK_CAPTURE_AUTORELEASING = YES;
				CLANG_WARN_BOOL_CONVERSION = YES;
				CLANG_WARN_COMMA = YES;
				CLANG_WARN_CONSTANT_CONVERSION = YES;
				CLANG_WARN_DEPRECATED_OBJC_IMPLEMENTATIONS = YES;
				CLANG_WARN_DIRECT_OBJC_ISA_USAGE = YES_ERROR;
				CLANG_WARN_DOCUMENTATION_COMMENTS = YES;
				CLANG_WARN_EMPTY_BODY = YES;
				CLANG_WARN_ENUM_CONVERSION = YES;
				CLANG_WARN_INFINITE_RECURSION = YES;
				CLANG_WARN_INT_CONVERSION = YES;
				CLANG_WARN_NON_LITERAL_NULL_CONVERSION = YES;
				CLANG_WARN_OBJC_IMPLICIT_RETAIN_SELF = YES;
				CLANG_WARN_OBJC_LITERAL_CONVERSION = YES;
				CLANG_WARN_OBJC_ROOT_CLASS = YES_ERROR;
				CLANG_WARN_QUOTED_INCLUDE_IN_FRAMEWORK_HEADER = YES;
				CLANG_WARN_RANGE_LOOP_ANALYSIS = YES;
				CLANG_WARN_STRICT_PROTOTYPES = YES;
				CLANG_WARN_SUSPICIOUS_MOVE = YES;
				CLANG_WARN_UNGUARDED_AVAILABILITY = YES_AGGRESSIVE;
				CLANG_WARN_UNREACHABLE_CODE = YES;
				CLANG_WARN__DUPLICATE_METHOD_MATCH = YES;
				COPY_PHASE_STRIP = NO;
				DEBUG_INFORMATION_FORMAT = dwarf;
				ENABLE_STRICT_OBJC_MSGSEND = YES;
				ENABLE_TESTABILITY = YES;
				GCC_C_LANGUAGE_STANDARD = gnu11;
				GCC_DYNAMIC_NO_PIC = NO;
				GCC_NO_COMMON_BLOCKS = YES;
				GCC_OPTIMIZATION_LEVEL = 0;
				GCC_PREPROCESSOR_DEFINITIONS = (
					"DEBUG=1",
					"$(inherited)",
				);
				GCC_WARN_64_TO_32_BIT_CONVERSION = YES;
				GCC_WARN_ABOUT_RETURN_TYPE = YES_ERROR;
				GCC_WARN_UNDECLARED_SELECTOR = YES;
				GCC_WARN_UNINITIALIZED_AUTOS = YES_AGGRESSIVE;
				GCC_WARN_UNUSED_FUNCTION = YES;
				GCC_WARN_UNUSED_VARIABLE = YES;
				IPHONEOS_DEPLOYMENT_TARGET = 16.4;
				MTL_ENABLE_DEBUG_INFO = INCLUDE_SOURCE;
				MTL_FAST_MATH = YES;
				ONLY_ACTIVE_ARCH = YES;
				SDKROOT = iphoneos;
				SWIFT_ACTIVE_COMPILATION_CONDITIONS = DEBUG;
				SWIFT_OPTIMIZATION_LEVEL = "-Onone";
			};
			name = Debug;
		};
		4C4B0B412AF539010080D7CF /* Release */ = {
			isa = XCBuildConfiguration;
			buildSettings = {
				ALWAYS_SEARCH_USER_PATHS = NO;
				CLANG_ANALYZER_NONNULL = YES;
				CLANG_ANALYZER_NUMBER_OBJECT_CONVERSION = YES_AGGRESSIVE;
				CLANG_CXX_LANGUAGE_STANDARD = "gnu++20";
				CLANG_ENABLE_MODULES = YES;
				CLANG_ENABLE_OBJC_ARC = YES;
				CLANG_ENABLE_OBJC_WEAK = YES;
				CLANG_WARN_BLOCK_CAPTURE_AUTORELEASING = YES;
				CLANG_WARN_BOOL_CONVERSION = YES;
				CLANG_WARN_COMMA = YES;
				CLANG_WARN_CONSTANT_CONVERSION = YES;
				CLANG_WARN_DEPRECATED_OBJC_IMPLEMENTATIONS = YES;
				CLANG_WARN_DIRECT_OBJC_ISA_USAGE = YES_ERROR;
				CLANG_WARN_DOCUMENTATION_COMMENTS = YES;
				CLANG_WARN_EMPTY_BODY = YES;
				CLANG_WARN_ENUM_CONVERSION = YES;
				CLANG_WARN_INFINITE_RECURSION = YES;
				CLANG_WARN_INT_CONVERSION = YES;
				CLANG_WARN_NON_LITERAL_NULL_CONVERSION = YES;
				CLANG_WARN_OBJC_IMPLICIT_RETAIN_SELF = YES;
				CLANG_WARN_OBJC_LITERAL_CONVERSION = YES;
				CLANG_WARN_OBJC_ROOT_CLASS = YES_ERROR;
				CLANG_WARN_QUOTED_INCLUDE_IN_FRAMEWORK_HEADER = YES;
				CLANG_WARN_RANGE_LOOP_ANALYSIS = YES;
				CLANG_WARN_STRICT_PROTOTYPES = YES;
				CLANG_WARN_SUSPICIOUS_MOVE = YES;
				CLANG_WARN_UNGUARDED_AVAILABILITY = YES_AGGRESSIVE;
				CLANG_WARN_UNREACHABLE_CODE = YES;
				CLANG_WARN__DUPLICATE_METHOD_MATCH = YES;
				COPY_PHASE_STRIP = NO;
				DEBUG_INFORMATION_FORMAT = "dwarf-with-dsym";
				ENABLE_NS_ASSERTIONS = NO;
				ENABLE_STRICT_OBJC_MSGSEND = YES;
				GCC_C_LANGUAGE_STANDARD = gnu11;
				GCC_NO_COMMON_BLOCKS = YES;
				GCC_WARN_64_TO_32_BIT_CONVERSION = YES;
				GCC_WARN_ABOUT_RETURN_TYPE = YES_ERROR;
				GCC_WARN_UNDECLARED_SELECTOR = YES;
				GCC_WARN_UNINITIALIZED_AUTOS = YES_AGGRESSIVE;
				GCC_WARN_UNUSED_FUNCTION = YES;
				GCC_WARN_UNUSED_VARIABLE = YES;
				IPHONEOS_DEPLOYMENT_TARGET = 16.4;
				MTL_ENABLE_DEBUG_INFO = NO;
				MTL_FAST_MATH = YES;
				SDKROOT = iphoneos;
				SWIFT_COMPILATION_MODE = wholemodule;
				SWIFT_OPTIMIZATION_LEVEL = "-O";
				VALIDATE_PRODUCT = YES;
			};
			name = Release;
		};
		4C4B0B432AF539010080D7CF /* Debug */ = {
			isa = XCBuildConfiguration;
			buildSettings = {
				ASSETCATALOG_COMPILER_APPICON_NAME = AppIcon;
				ASSETCATALOG_COMPILER_GLOBAL_ACCENT_COLOR_NAME = AccentColor;
				CODE_SIGN_STYLE = Automatic;
				CURRENT_PROJECT_VERSION = 1;
				DEVELOPMENT_TEAM = 35JGHH6ZTT;
				GENERATE_INFOPLIST_FILE = YES;
				INFOPLIST_FILE = "table view classmate/Info.plist";
				INFOPLIST_KEY_UIApplicationSupportsIndirectInputEvents = YES;
				INFOPLIST_KEY_UILaunchStoryboardName = LaunchScreen;
				INFOPLIST_KEY_UIMainStoryboardFile = Main;
				INFOPLIST_KEY_UISupportedInterfaceOrientations_iPad = "UIInterfaceOrientationPortrait UIInterfaceOrientationPortraitUpsideDown UIInterfaceOrientationLandscapeLeft UIInterfaceOrientationLandscapeRight";
				INFOPLIST_KEY_UISupportedInterfaceOrientations_iPhone = "UIInterfaceOrientationPortrait UIInterfaceOrientationLandscapeLeft UIInterfaceOrientationLandscapeRight";
				LD_RUNPATH_SEARCH_PATHS = (
					"$(inherited)",
					"@executable_path/Frameworks",
				);
				MARKETING_VERSION = 1.0;
				PRODUCT_BUNDLE_IDENTIFIER = "clc.table-view-classmate";
				PRODUCT_NAME = "$(TARGET_NAME)";
				SWIFT_EMIT_LOC_STRINGS = YES;
				SWIFT_VERSION = 5.0;
				TARGETED_DEVICE_FAMILY = "1,2";
			};
			name = Debug;
		};
		4C4B0B442AF539010080D7CF /* Release */ = {
			isa = XCBuildConfiguration;
			buildSettings = {
				ASSETCATALOG_COMPILER_APPICON_NAME = AppIcon;
				ASSETCATALOG_COMPILER_GLOBAL_ACCENT_COLOR_NAME = AccentColor;
				CODE_SIGN_STYLE = Automatic;
				CURRENT_PROJECT_VERSION = 1;
				DEVELOPMENT_TEAM = 35JGHH6ZTT;
				GENERATE_INFOPLIST_FILE = YES;
				INFOPLIST_FILE = "table view classmate/Info.plist";
				INFOPLIST_KEY_UIApplicationSupportsIndirectInputEvents = YES;
				INFOPLIST_KEY_UILaunchStoryboardName = LaunchScreen;
				INFOPLIST_KEY_UIMainStoryboardFile = Main;
				INFOPLIST_KEY_UISupportedInterfaceOrientations_iPad = "UIInterfaceOrientationPortrait UIInterfaceOrientationPortraitUpsideDown UIInterfaceOrientationLandscapeLeft UIInterfaceOrientationLandscapeRight";
				INFOPLIST_KEY_UISupportedInterfaceOrientations_iPhone = "UIInterfaceOrientationPortrait UIInterfaceOrientationLandscapeLeft UIInterfaceOrientationLandscapeRight";
				LD_RUNPATH_SEARCH_PATHS = (
					"$(inherited)",
					"@executable_path/Frameworks",
				);
				MARKETING_VERSION = 1.0;
				PRODUCT_BUNDLE_IDENTIFIER = "clc.table-view-classmate";
				PRODUCT_NAME = "$(TARGET_NAME)";
				SWIFT_EMIT_LOC_STRINGS = YES;
				SWIFT_VERSION = 5.0;
				TARGETED_DEVICE_FAMILY = "1,2";
			};
			name = Release;
		};
		4C4B0B462AF539010080D7CF /* Debug */ = {
			isa = XCBuildConfiguration;
			buildSettings = {
				ALWAYS_EMBED_SWIFT_STANDARD_LIBRARIES = YES;
				BUNDLE_LOADER = "$(TEST_HOST)";
				CODE_SIGN_STYLE = Automatic;
				CURRENT_PROJECT_VERSION = 1;
				DEVELOPMENT_TEAM = 35JGHH6ZTT;
				GENERATE_INFOPLIST_FILE = YES;
				IPHONEOS_DEPLOYMENT_TARGET = 16.4;
				MARKETING_VERSION = 1.0;
				PRODUCT_BUNDLE_IDENTIFIER = "clc.table-view-classmateTests";
				PRODUCT_NAME = "$(TARGET_NAME)";
				SWIFT_EMIT_LOC_STRINGS = NO;
				SWIFT_VERSION = 5.0;
				TARGETED_DEVICE_FAMILY = "1,2";
				TEST_HOST = "$(BUILT_PRODUCTS_DIR)/table view classmate.app/$(BUNDLE_EXECUTABLE_FOLDER_PATH)/table view classmate";
			};
			name = Debug;
		};
		4C4B0B472AF539010080D7CF /* Release */ = {
			isa = XCBuildConfiguration;
			buildSettings = {
				ALWAYS_EMBED_SWIFT_STANDARD_LIBRARIES = YES;
				BUNDLE_LOADER = "$(TEST_HOST)";
				CODE_SIGN_STYLE = Automatic;
				CURRENT_PROJECT_VERSION = 1;
				DEVELOPMENT_TEAM = 35JGHH6ZTT;
				GENERATE_INFOPLIST_FILE = YES;
				IPHONEOS_DEPLOYMENT_TARGET = 16.4;
				MARKETING_VERSION = 1.0;
				PRODUCT_BUNDLE_IDENTIFIER = "clc.table-view-classmateTests";
				PRODUCT_NAME = "$(TARGET_NAME)";
				SWIFT_EMIT_LOC_STRINGS = NO;
				SWIFT_VERSION = 5.0;
				TARGETED_DEVICE_FAMILY = "1,2";
				TEST_HOST = "$(BUILT_PRODUCTS_DIR)/table view classmate.app/$(BUNDLE_EXECUTABLE_FOLDER_PATH)/table view classmate";
			};
			name = Release;
		};
		4C4B0B492AF539010080D7CF /* Debug */ = {
			isa = XCBuildConfiguration;
			buildSettings = {
				ALWAYS_EMBED_SWIFT_STANDARD_LIBRARIES = YES;
				CODE_SIGN_STYLE = Automatic;
				CURRENT_PROJECT_VERSION = 1;
				DEVELOPMENT_TEAM = 35JGHH6ZTT;
				GENERATE_INFOPLIST_FILE = YES;
				MARKETING_VERSION = 1.0;
				PRODUCT_BUNDLE_IDENTIFIER = "clc.table-view-classmateUITests";
				PRODUCT_NAME = "$(TARGET_NAME)";
				SWIFT_EMIT_LOC_STRINGS = NO;
				SWIFT_VERSION = 5.0;
				TARGETED_DEVICE_FAMILY = "1,2";
				TEST_TARGET_NAME = "table view classmate";
			};
			name = Debug;
		};
		4C4B0B4A2AF539010080D7CF /* Release */ = {
			isa = XCBuildConfiguration;
			buildSettings = {
				ALWAYS_EMBED_SWIFT_STANDARD_LIBRARIES = YES;
				CODE_SIGN_STYLE = Automatic;
				CURRENT_PROJECT_VERSION = 1;
				DEVELOPMENT_TEAM = 35JGHH6ZTT;
				GENERATE_INFOPLIST_FILE = YES;
				MARKETING_VERSION = 1.0;
				PRODUCT_BUNDLE_IDENTIFIER = "clc.table-view-classmateUITests";
				PRODUCT_NAME = "$(TARGET_NAME)";
				SWIFT_EMIT_LOC_STRINGS = NO;
				SWIFT_VERSION = 5.0;
				TARGETED_DEVICE_FAMILY = "1,2";
				TEST_TARGET_NAME = "table view classmate";
			};
			name = Release;
		};
/* End XCBuildConfiguration section */

/* Begin XCConfigurationList section */
		4C4B0B102AF539000080D7CF /* Build configuration list for PBXProject "table view classmate" */ = {
			isa = XCConfigurationList;
			buildConfigurations = (
				4C4B0B402AF539010080D7CF /* Debug */,
				4C4B0B412AF539010080D7CF /* Release */,
			);
			defaultConfigurationIsVisible = 0;
			defaultConfigurationName = Release;
		};
		4C4B0B422AF539010080D7CF /* Build configuration list for PBXNativeTarget "table view classmate" */ = {
			isa = XCConfigurationList;
			buildConfigurations = (
				4C4B0B432AF539010080D7CF /* Debug */,
				4C4B0B442AF539010080D7CF /* Release */,
			);
			defaultConfigurationIsVisible = 0;
			defaultConfigurationName = Release;
		};
		4C4B0B452AF539010080D7CF /* Build configuration list for PBXNativeTarget "table view classmateTests" */ = {
			isa = XCConfigurationList;
			buildConfigurations = (
				4C4B0B462AF539010080D7CF /* Debug */,
				4C4B0B472AF539010080D7CF /* Release */,
			);
			defaultConfigurationIsVisible = 0;
			defaultConfigurationName = Release;
		};
		4C4B0B482AF539010080D7CF /* Build configuration list for PBXNativeTarget "table view classmateUITests" */ = {
			isa = XCConfigurationList;
			buildConfigurations = (
				4C4B0B492AF539010080D7CF /* Debug */,
				4C4B0B4A2AF539010080D7CF /* Release */,
			);
			defaultConfigurationIsVisible = 0;
			defaultConfigurationName = Release;
		};
/* End XCConfigurationList section */

/* Begin XCVersionGroup section */
		4C4B0B212AF539000080D7CF /* table_view_classmate.xcdatamodeld */ = {
			isa = XCVersionGroup;
			children = (
				4C4B0B222AF539000080D7CF /* table_view_classmate.xcdatamodel */,
			);
			currentVersion = 4C4B0B222AF539000080D7CF /* table_view_classmate.xcdatamodel */;
			path = table_view_classmate.xcdatamodeld;
			sourceTree = "<group>";
			versionGroupType = wrapper.xcdatamodel;
		};
/* End XCVersionGroup section */
	};
	rootObject = 4C4B0B0D2AF539000080D7CF /* Project object */;
}
